// !$*UTF8*$!
{
	archiveVersion = 1;
	classes = {
	};
	objectVersion = 46;
	objects = {

/* Begin PBXBuildFile section */
		52883A841BA864FF005FC35C /* AppDelegate.swift in Sources */ = {isa = PBXBuildFile; fileRef = 52883A831BA864FF005FC35C /* AppDelegate.swift */; };
		52883A861BA864FF005FC35C /* ViewController.swift in Sources */ = {isa = PBXBuildFile; fileRef = 52883A851BA864FF005FC35C /* ViewController.swift */; };
		52883A891BA864FF005FC35C /* Main.storyboard in Resources */ = {isa = PBXBuildFile; fileRef = 52883A871BA864FF005FC35C /* Main.storyboard */; };
		52883A8B1BA864FF005FC35C /* Assets.xcassets in Resources */ = {isa = PBXBuildFile; fileRef = 52883A8A1BA864FF005FC35C /* Assets.xcassets */; };
		52883A8E1BA864FF005FC35C /* LaunchScreen.storyboard in Resources */ = {isa = PBXBuildFile; fileRef = 52883A8C1BA864FF005FC35C /* LaunchScreen.storyboard */; };
		52883A991BA864FF005FC35C /* CalcTests.swift in Sources */ = {isa = PBXBuildFile; fileRef = 52883A981BA864FF005FC35C /* CalcTests.swift */; };
		52883AA41BA864FF005FC35C /* CalcUITests.swift in Sources */ = {isa = PBXBuildFile; fileRef = 52883AA31BA864FF005FC35C /* CalcUITests.swift */; };
/* End PBXBuildFile section */

/* Begin PBXContainerItemProxy section */
		52883A951BA864FF005FC35C /* PBXContainerItemProxy */ = {
			isa = PBXContainerItemProxy;
			containerPortal = 52883A781BA864FE005FC35C /* Project object */;
			proxyType = 1;
			remoteGlobalIDString = 52883A7F1BA864FE005FC35C;
			remoteInfo = Calc;
		};
		52883AA01BA864FF005FC35C /* PBXContainerItemProxy */ = {
			isa = PBXContainerItemProxy;
			containerPortal = 52883A781BA864FE005FC35C /* Project object */;
			proxyType = 1;
			remoteGlobalIDString = 52883A7F1BA864FE005FC35C;
			remoteInfo = Calc;
		};
/* End PBXContainerItemProxy section */

/* Begin PBXFileReference section */
		52883A801BA864FE005FC35C /* Calc.app */ = {isa = PBXFileReference; explicitFileType = wrapper.application; includeInIndex = 0; path = Calc.app; sourceTree = BUILT_PRODUCTS_DIR; };
		52883A831BA864FF005FC35C /* AppDelegate.swift */ = {isa = PBXFileReference; lastKnownFileType = sourcecode.swift; path = AppDelegate.swift; sourceTree = "<group>"; };
		52883A851BA864FF005FC35C /* ViewController.swift */ = {isa = PBXFileReference; lastKnownFileType = sourcecode.swift; path = ViewController.swift; sourceTree = "<group>"; };
		52883A881BA864FF005FC35C /* Base */ = {isa = PBXFileReference; lastKnownFileType = file.storyboard; name = Base; path = Base.lproj/Main.storyboard; sourceTree = "<group>"; };
		52883A8A1BA864FF005FC35C /* Assets.xcassets */ = {isa = PBXFileReference; lastKnownFileType = folder.assetcatalog; path = Assets.xcassets; sourceTree = "<group>"; };
		52883A8D1BA864FF005FC35C /* Base */ = {isa = PBXFileReference; lastKnownFileType = file.storyboard; name = Base; path = Base.lproj/LaunchScreen.storyboard; sourceTree = "<group>"; };
		52883A8F1BA864FF005FC35C /* Info.plist */ = {isa = PBXFileReference; lastKnownFileType = text.plist.xml; path = Info.plist; sourceTree = "<group>"; };
		52883A941BA864FF005FC35C /* CalcTests.xctest */ = {isa = PBXFileReference; explicitFileType = wrapper.cfbundle; includeInIndex = 0; path = CalcTests.xctest; sourceTree = BUILT_PRODUCTS_DIR; };
		52883A981BA864FF005FC35C /* CalcTests.swift */ = {isa = PBXFileReference; lastKnownFileType = sourcecode.swift; path = CalcTests.swift; sourceTree = "<group>"; };
		52883A9A1BA864FF005FC35C /* Info.plist */ = {isa = PBXFileReference; lastKnownFileType = text.plist.xml; path = Info.plist; sourceTree = "<group>"; };
		52883A9F1BA864FF005FC35C /* CalcUITests.xctest */ = {isa = PBXFileReference; explicitFileType = wrapper.cfbundle; includeInIndex = 0; path = CalcUITests.xctest; sourceTree = BUILT_PRODUCTS_DIR; };
		52883AA31BA864FF005FC35C /* CalcUITests.swift */ = {isa = PBXFileReference; lastKnownFileType = sourcecode.swift; path = CalcUITests.swift; sourceTree = "<group>"; };
		52883AA51BA864FF005FC35C /* Info.plist */ = {isa = PBXFileReference; lastKnownFileType = text.plist.xml; path = Info.plist; sourceTree = "<group>"; };
/* End PBXFileReference section */

/* Begin PBXFrameworksBuildPhase section */
		52883A7D1BA864FE005FC35C /* Frameworks */ = {
			isa = PBXFrameworksBuildPhase;
			buildActionMask = 2147483647;
			files = (
			);
			runOnlyForDeploymentPostprocessing = 0;
		};
		52883A911BA864FF005FC35C /* Frameworks */ = {
			isa = PBXFrameworksBuildPhase;
			buildActionMask = 2147483647;
			files = (
			);
			runOnlyForDeploymentPostprocessing = 0;
		};
		52883A9C1BA864FF005FC35C /* Frameworks */ = {
			isa = PBXFrameworksBuildPhase;
			buildActionMask = 2147483647;
			files = (
			);
			runOnlyForDeploymentPostprocessing = 0;
		};
/* End PBXFrameworksBuildPhase section */

/* Begin PBXGroup section */
		52883A771BA864FE005FC35C = {
			isa = PBXGroup;
			children = (
				52883A821BA864FE005FC35C /* Calc */,
				52883A971BA864FF005FC35C /* CalcTests */,
				52883AA21BA864FF005FC35C /* CalcUITests */,
				52883A811BA864FE005FC35C /* Products */,
			);
			sourceTree = "<group>";
		};
		52883A811BA864FE005FC35C /* Products */ = {
			isa = PBXGroup;
			children = (
				52883A801BA864FE005FC35C /* Calc.app */,
				52883A941BA864FF005FC35C /* CalcTests.xctest */,
				52883A9F1BA864FF005FC35C /* CalcUITests.xctest */,
			);
			name = Products;
			sourceTree = "<group>";
		};
		52883A821BA864FE005FC35C /* Calc */ = {
			isa = PBXGroup;
			children = (
				52883A831BA864FF005FC35C /* AppDelegate.swift */,
				52883A851BA864FF005FC35C /* ViewController.swift */,
				52883A871BA864FF005FC35C /* Main.storyboard */,
				52883A8A1BA864FF005FC35C /* Assets.xcassets */,
				52883A8C1BA864FF005FC35C /* LaunchScreen.storyboard */,
				52883A8F1BA864FF005FC35C /* Info.plist */,
			);
			path = Calc;
			sourceTree = "<group>";
		};
		52883A971BA864FF005FC35C /* CalcTests */ = {
			isa = PBXGroup;
			children = (
				52883A981BA864FF005FC35C /* CalcTests.swift */,
				52883A9A1BA864FF005FC35C /* Info.plist */,
			);
			path = CalcTests;
			sourceTree = "<group>";
		};
		52883AA21BA864FF005FC35C /* CalcUITests */ = {
			isa = PBXGroup;
			children = (
				52883AA31BA864FF005FC35C /* CalcUITests.swift */,
				52883AA51BA864FF005FC35C /* Info.plist */,
			);
			path = CalcUITests;
			sourceTree = "<group>";
		};
/* End PBXGroup section */

/* Begin PBXNativeTarget section */
		52883A7F1BA864FE005FC35C /* Calc */ = {
			isa = PBXNativeTarget;
			buildConfigurationList = 52883AA81BA864FF005FC35C /* Build configuration list for PBXNativeTarget "Calc" */;
			buildPhases = (
				52883A7C1BA864FE005FC35C /* Sources */,
				52883A7D1BA864FE005FC35C /* Frameworks */,
				52883A7E1BA864FE005FC35C /* Resources */,
			);
			buildRules = (
			);
			dependencies = (
			);
			name = Calc;
			productName = Calc;
			productReference = 52883A801BA864FE005FC35C /* Calc.app */;
			productType = "com.apple.product-type.application";
		};
		52883A931BA864FF005FC35C /* CalcTests */ = {
			isa = PBXNativeTarget;
			buildConfigurationList = 52883AAB1BA864FF005FC35C /* Build configuration list for PBXNativeTarget "CalcTests" */;
			buildPhases = (
				52883A901BA864FF005FC35C /* Sources */,
				52883A911BA864FF005FC35C /* Frameworks */,
				52883A921BA864FF005FC35C /* Resources */,
			);
			buildRules = (
			);
			dependencies = (
				52883A961BA864FF005FC35C /* PBXTargetDependency */,
			);
			name = CalcTests;
			productName = CalcTests;
			productReference = 52883A941BA864FF005FC35C /* CalcTests.xctest */;
			productType = "com.apple.product-type.bundle.unit-test";
		};
		52883A9E1BA864FF005FC35C /* CalcUITests */ = {
			isa = PBXNativeTarget;
			buildConfigurationList = 52883AAE1BA864FF005FC35C /* Build configuration list for PBXNativeTarget "CalcUITests" */;
			buildPhases = (
				52883A9B1BA864FF005FC35C /* Sources */,
				52883A9C1BA864FF005FC35C /* Frameworks */,
				52883A9D1BA864FF005FC35C /* Resources */,
			);
			buildRules = (
			);
			dependencies = (
				52883AA11BA864FF005FC35C /* PBXTargetDependency */,
			);
			name = CalcUITests;
			productName = CalcUITests;
			productReference = 52883A9F1BA864FF005FC35C /* CalcUITests.xctest */;
			productType = "com.apple.product-type.bundle.ui-testing";
		};
/* End PBXNativeTarget section */

/* Begin PBXProject section */
		52883A781BA864FE005FC35C /* Project object */ = {
			isa = PBXProject;
			attributes = {
				LastUpgradeCheck = 0700;
				ORGANIZATIONNAME = "Blaed Johnston";
				TargetAttributes = {
					52883A7F1BA864FE005FC35C = {
						CreatedOnToolsVersion = 7.0;
						DevelopmentTeam = 6M23YR375Z;
					};
					52883A931BA864FF005FC35C = {
						CreatedOnToolsVersion = 7.0;
						TestTargetID = 52883A7F1BA864FE005FC35C;
					};
					52883A9E1BA864FF005FC35C = {
						CreatedOnToolsVersion = 7.0;
						TestTargetID = 52883A7F1BA864FE005FC35C;
					};
				};
			};
			buildConfigurationList = 52883A7B1BA864FE005FC35C /* Build configuration list for PBXProject "Calc" */;
			compatibilityVersion = "Xcode 3.2";
			developmentRegion = English;
			hasScannedForEncodings = 0;
			knownRegions = (
				en,
				Base,
			);
			mainGroup = 52883A771BA864FE005FC35C;
			productRefGroup = 52883A811BA864FE005FC35C /* Products */;
			projectDirPath = "";
			projectRoot = "";
			targets = (
				52883A7F1BA864FE005FC35C /* Calc */,
				52883A931BA864FF005FC35C /* CalcTests */,
				52883A9E1BA864FF005FC35C /* CalcUITests */,
			);
		};
/* End PBXProject section */

/* Begin PBXResourcesBuildPhase section */
		52883A7E1BA864FE005FC35C /* Resources */ = {
			isa = PBXResourcesBuildPhase;
			buildActionMask = 2147483647;
			files = (
				52883A8E1BA864FF005FC35C /* LaunchScreen.storyboard in Resources */,
				52883A8B1BA864FF005FC35C /* Assets.xcassets in Resources */,
				52883A891BA864FF005FC35C /* Main.storyboard in Resources */,
			);
			runOnlyForDeploymentPostprocessing = 0;
		};
		52883A921BA864FF005FC35C /* Resources */ = {
			isa = PBXResourcesBuildPhase;
			buildActionMask = 2147483647;
			files = (
			);
			runOnlyForDeploymentPostprocessing = 0;
		};
		52883A9D1BA864FF005FC35C /* Resources */ = {
			isa = PBXResourcesBuildPhase;
			buildActionMask = 2147483647;
			files = (
			);
			runOnlyForDeploymentPostprocessing = 0;
		};
/* End PBXResourcesBuildPhase section */

/* Begin PBXSourcesBuildPhase section */
		52883A7C1BA864FE005FC35C /* Sources */ = {
			isa = PBXSourcesBuildPhase;
			buildActionMask = 2147483647;
			files = (
				52883A861BA864FF005FC35C /* ViewController.swift in Sources */,
				52883A841BA864FF005FC35C /* AppDelegate.swift in Sources */,
			);
			runOnlyForDeploymentPostprocessing = 0;
		};
		52883A901BA864FF005FC35C /* Sources */ = {
			isa = PBXSourcesBuildPhase;
			buildActionMask = 2147483647;
			files = (
				52883A991BA864FF005FC35C /* CalcTests.swift in Sources */,
			);
			runOnlyForDeploymentPostprocessing = 0;
		};
		52883A9B1BA864FF005FC35C /* Sources */ = {
			isa = PBXSourcesBuildPhase;
			buildActionMask = 2147483647;
			files = (
				52883AA41BA864FF005FC35C /* CalcUITests.swift in Sources */,
			);
			runOnlyForDeploymentPostprocessing = 0;
		};
/* End PBXSourcesBuildPhase section */

/* Begin PBXTargetDependency section */
		52883A961BA864FF005FC35C /* PBXTargetDependency */ = {
			isa = PBXTargetDependency;
			target = 52883A7F1BA864FE005FC35C /* Calc */;
			targetProxy = 52883A951BA864FF005FC35C /* PBXContainerItemProxy */;
		};
		52883AA11BA864FF005FC35C /* PBXTargetDependency */ = {
			isa = PBXTargetDependency;
			target = 52883A7F1BA864FE005FC35C /* Calc */;
			targetProxy = 52883AA01BA864FF005FC35C /* PBXContainerItemProxy */;
		};
/* End PBXTargetDependency section */

/* Begin PBXVariantGroup section */
		52883A871BA864FF005FC35C /* Main.storyboard */ = {
			isa = PBXVariantGroup;
			children = (
				52883A881BA864FF005FC35C /* Base */,
			);
			name = Main.storyboard;
			sourceTree = "<group>";
		};
		52883A8C1BA864FF005FC35C /* LaunchScreen.storyboard */ = {
			isa = PBXVariantGroup;
			children = (
				52883A8D1BA864FF005FC35C /* Base */,
			);
			name = LaunchScreen.storyboard;
			sourceTree = "<group>";
		};
/* End PBXVariantGroup section */

/* Begin XCBuildConfiguration section */
		52883AA61BA864FF005FC35C /* Debug */ = {
			isa = XCBuildConfiguration;
			buildSettings = {
				ALWAYS_SEARCH_USER_PATHS = NO;
				CLANG_CXX_LANGUAGE_STANDARD = "gnu++0x";
				CLANG_CXX_LIBRARY = "libc++";
				CLANG_ENABLE_MODULES = YES;
				CLANG_ENABLE_OBJC_ARC = YES;
				CLANG_WARN_BOOL_CONVERSION = YES;
				CLANG_WARN_CONSTANT_CONVERSION = YES;
				CLANG_WARN_DIRECT_OBJC_ISA_USAGE = YES_ERROR;
				CLANG_WARN_EMPTY_BODY = YES;
				CLANG_WARN_ENUM_CONVERSION = YES;
				CLANG_WARN_INT_CONVERSION = YES;
				CLANG_WARN_OBJC_ROOT_CLASS = YES_ERROR;
				CLANG_WARN_UNREACHABLE_CODE = YES;
				CLANG_WARN__DUPLICATE_METHOD_MATCH = YES;
				"CODE_SIGN_IDENTITY[sdk=iphoneos*]" = "iPhone Developer";
				COPY_PHASE_STRIP = NO;
				DEBUG_INFORMATION_FORMAT = dwarf;
				ENABLE_STRICT_OBJC_MSGSEND = YES;
				ENABLE_TESTABILITY = YES;
				GCC_C_LANGUAGE_STANDARD = gnu99;
				GCC_DYNAMIC_NO_PIC = NO;
				GCC_NO_COMMON_BLOCKS = YES;
				GCC_OPTIMIZATION_LEVEL = 0;
				GCC_PREPROCESSOR_DEFINITIONS = (
					"DEBUG=1",
					"$(inherited)",
				);
				GCC_WARN_64_TO_32_BIT_CONVERSION = YES;
				GCC_WARN_ABOUT_RETURN_TYPE = YES_ERROR;
				GCC_WARN_UNDECLARED_SELECTOR = YES;
				GCC_WARN_UNINITIALIZED_AUTOS = YES_AGGRESSIVE;
				GCC_WARN_UNUSED_FUNCTION = YES;
				GCC_WARN_UNUSED_VARIABLE = YES;
				IPHONEOS_DEPLOYMENT_TARGET = 9.0;
				MTL_ENABLE_DEBUG_INFO = YES;
				ONLY_ACTIVE_ARCH = YES;
				SDKROOT = iphoneos;
				SWIFT_OPTIMIZATION_LEVEL = "-Onone";
				TARGETED_DEVICE_FAMILY = "1,2";
			};
			name = Debug;
		};
		52883AA71BA864FF005FC35C /* Release */ = {
			isa = XCBuildConfiguration;
			buildSettings = {
				ALWAYS_SEARCH_USER_PATHS = NO;
				CLANG_CXX_LANGUAGE_STANDARD = "gnu++0x";
				CLANG_CXX_LIBRARY = "libc++";
				CLANG_ENABLE_MODULES = YES;
				CLANG_ENABLE_OBJC_ARC = YES;
				CLANG_WARN_BOOL_CONVERSION = YES;
				CLANG_WARN_CONSTANT_CONVERSION = YES;
				CLANG_WARN_DIRECT_OBJC_ISA_USAGE = YES_ERROR;
				CLANG_WARN_EMPTY_BODY = YES;
				CLANG_WARN_ENUM_CONVERSION = YES;
				CLANG_WARN_INT_CONVERSION = YES;
				CLANG_WARN_OBJC_ROOT_CLASS = YES_ERROR;
				CLANG_WARN_UNREACHABLE_CODE = YES;
				CLANG_WARN__DUPLICATE_METHOD_MATCH = YES;
				"CODE_SIGN_IDENTITY[sdk=iphoneos*]" = "iPhone Developer";
				COPY_PHASE_STRIP = NO;
				DEBUG_INFORMATION_FORMAT = "dwarf-with-dsym";
				ENABLE_NS_ASSERTIONS = NO;
				ENABLE_STRICT_OBJC_MSGSEND = YES;
				GCC_C_LANGUAGE_STANDARD = gnu99;
				GCC_NO_COMMON_BLOCKS = YES;
				GCC_WARN_64_TO_32_BIT_CONVERSION = YES;
				GCC_WARN_ABOUT_RETURN_TYPE = YES_ERROR;
				GCC_WARN_UNDECLARED_SELECTOR = YES;
				GCC_WARN_UNINITIALIZED_AUTOS = YES_AGGRESSIVE;
				GCC_WARN_UNUSED_FUNCTION = YES;
				GCC_WARN_UNUSED_VARIABLE = YES;
				IPHONEOS_DEPLOYMENT_TARGET = 9.0;
				MTL_ENABLE_DEBUG_INFO = NO;
				SDKROOT = iphoneos;
				TARGETED_DEVICE_FAMILY = "1,2";
				VALIDATE_PRODUCT = YES;
			};
			name = Release;
		};
		52883AA91BA864FF005FC35C /* Debug */ = {
			isa = XCBuildConfiguration;
			buildSettings = {
				ASSETCATALOG_COMPILER_APPICON_NAME = AppIcon;
				CODE_SIGN_IDENTITY = "iPhone Developer";
				"CODE_SIGN_IDENTITY[sdk=iphoneos*]" = "iPhone Developer";
				INFOPLIST_FILE = Calc/Info.plist;
				IPHONEOS_DEPLOYMENT_TARGET = 8.4;
				LD_RUNPATH_SEARCH_PATHS = "$(inherited) @executable_path/Frameworks";
				PRODUCT_BUNDLE_IDENTIFIER = bsoftware.Calc;
				PRODUCT_NAME = "$(TARGET_NAME)";
				PROVISIONING_PROFILE = "";
			};
			name = Debug;
		};
		52883AAA1BA864FF005FC35C /* Release */ = {
			isa = XCBuildConfiguration;
			buildSettings = {
				ASSETCATALOG_COMPILER_APPICON_NAME = AppIcon;
				CODE_SIGN_IDENTITY = "iPhone Developer";
				"CODE_SIGN_IDENTITY[sdk=iphoneos*]" = "iPhone Developer";
				INFOPLIST_FILE = Calc/Info.plist;
				IPHONEOS_DEPLOYMENT_TARGET = 8.4;
				LD_RUNPATH_SEARCH_PATHS = "$(inherited) @executable_path/Frameworks";
				PRODUCT_BUNDLE_IDENTIFIER = bsoftware.Calc;
				PRODUCT_NAME = "$(TARGET_NAME)";
				PROVISIONING_PROFILE = "";
			};
			name = Release;
		};
		52883AAC1BA864FF005FC35C /* Debug */ = {
			isa = XCBuildConfiguration;
			buildSettings = {
				BUNDLE_LOADER = "$(TEST_HOST)";
				INFOPLIST_FILE = CalcTests/Info.plist;
				LD_RUNPATH_SEARCH_PATHS = "$(inherited) @executable_path/Frameworks @loader_path/Frameworks";
				PRODUCT_BUNDLE_IDENTIFIER = bsoftware.CalcTests;
				PRODUCT_NAME = "$(TARGET_NAME)";
				TEST_HOST = "$(BUILT_PRODUCTS_DIR)/Calc.app/Calc";
			};
			name = Debug;
		};
		52883AAD1BA864FF005FC35C /* Release */ = {
			isa = XCBuildConfiguration;
			buildSettings = {
				BUNDLE_LOADER = "$(TEST_HOST)";
				INFOPLIST_FILE = CalcTests/Info.plist;
				LD_RUNPATH_SEARCH_PATHS = "$(inherited) @executable_path/Frameworks @loader_path/Frameworks";
				PRODUCT_BUNDLE_IDENTIFIER = bsoftware.CalcTests;
				PRODUCT_NAME = "$(TARGET_NAME)";
				TEST_HOST = "$(BUILT_PRODUCTS_DIR)/Calc.app/Calc";
			};
			name = Release;
		};
		52883AAF1BA864FF005FC35C /* Debug */ = {
			isa = XCBuildConfiguration;
			buildSettings = {
				INFOPLIST_FILE = CalcUITests/Info.plist;
				LD_RUNPATH_SEARCH_PATHS = "$(inherited) @executable_path/Frameworks @loader_path/Frameworks";
				PRODUCT_BUNDLE_IDENTIFIER = bsoftware.CalcUITests;
				PRODUCT_NAME = "$(TARGET_NAME)";
				TEST_TARGET_NAME = Calc;
				USES_XCTRUNNER = YES;
			};
			name = Debug;
		};
		52883AB01BA864FF005FC35C /* Release */ = {
			isa = XCBuildConfiguration;
			buildSettings = {
				INFOPLIST_FILE = CalcUITests/Info.plist;
				LD_RUNPATH_SEARCH_PATHS = "$(inherited) @executable_path/Frameworks @loader_path/Frameworks";
				PRODUCT_BUNDLE_IDENTIFIER = bsoftware.CalcUITests;
				PRODUCT_NAME = "$(TARGET_NAME)";
				TEST_TARGET_NAME = Calc;
				USES_XCTRUNNER = YES;
			};
			name = Release;
		};
/* End XCBuildConfiguration section */

/* Begin XCConfigurationList section */
		52883A7B1BA864FE005FC35C /* Build configuration list for PBXProject "Calc" */ = {
			isa = XCConfigurationList;
			buildConfigurations = (
				52883AA61BA864FF005FC35C /* Debug */,
				52883AA71BA864FF005FC35C /* Release */,
			);
			defaultConfigurationIsVisible = 0;
			defaultConfigurationName = Release;
		};
		52883AA81BA864FF005FC35C /* Build configuration list for PBXNativeTarget "Calc" */ = {
			isa = XCConfigurationList;
			buildConfigurations = (
				52883AA91BA864FF005FC35C /* Debug */,
				52883AAA1BA864FF005FC35C /* Release */,
			);
			defaultConfigurationIsVisible = 0;
			defaultConfigurationName = Release;
		};
		52883AAB1BA864FF005FC35C /* Build configuration list for PBXNativeTarget "CalcTests" */ = {
			isa = XCConfigurationList;
			buildConfigurations = (
				52883AAC1BA864FF005FC35C /* Debug */,
				52883AAD1BA864FF005FC35C /* Release */,
			);
			defaultConfigurationIsVisible = 0;
			defaultConfigurationName = Release;
		};
		52883AAE1BA864FF005FC35C /* Build configuration list for PBXNativeTarget "CalcUITests" */ = {
			isa = XCConfigurationList;
			buildConfigurations = (
				52883AAF1BA864FF005FC35C /* Debug */,
				52883AB01BA864FF005FC35C /* Release */,
			);
			defaultConfigurationIsVisible = 0;
			defaultConfigurationName = Release;
		};
/* End XCConfigurationList section */
	};
	rootObject = 52883A781BA864FE005FC35C /* Project object */;
}
